
Microsoft Visual Studio Solution File, Format Version 12.00
# Visual Studio Version 17
VisualStudioVersion = 17.3.32901.215
MinimumVisualStudioVersion = 10.0.40219.1
Project("{FAE04EC0-301F-11D3-BF4B-00C04F79EFBC}") = "открывашка", "открывашка\открывашка.csproj", "{0F20D11D-6E31-410F-929F-FCEBA0756C11}"
EndProject
Global
	GlobalSection(SolutionConfigurationPlatforms) = preSolution
		Debug|Any CPU = Debug|Any CPU
		Release|Any CPU = Release|Any CPU
	EndGlobalSection
	GlobalSection(ProjectConfigurationPlatforms) = postSolution
		{0F20D11D-6E31-410F-929F-FCEBA0756C11}.Debug|Any CPU.ActiveCfg = Debug|Any CPU
		{0F20D11D-6E31-410F-929F-FCEBA0756C11}.Debug|Any CPU.Build.0 = Debug|Any CPU
		{0F20D11D-6E31-410F-929F-FCEBA0756C11}.Release|Any CPU.ActiveCfg = Release|Any CPU
		{0F20D11D-6E31-410F-929F-FCEBA0756C11}.Release|Any CPU.Build.0 = Release|Any CPU
	EndGlobalSection
	GlobalSection(SolutionProperties) = preSolution
		HideSolutionNode = FALSE
	EndGlobalSection
	GlobalSection(ExtensibilityGlobals) = postSolution
		SolutionGuid = {3750C6E9-A5A5-4BC3-A030-180EF6EB1C5E}
	EndGlobalSection
EndGlobal
